// !$*UTF8*$!
{
	archiveVersion = 1;
	classes = {
	};
	objectVersion = 46;
	objects = {

/* Begin PBXBuildFile section */
		09A736A52007481A00BA06C4 /* audiodecoderbase.cpp in Sources */ = {isa = PBXBuildFile; fileRef = 09A7365C200747ED00BA06C4 /* audiodecoderbase.cpp */; };
		09A736A62007481A00BA06C4 /* audiodecodercoreaudio.cpp in Sources */ = {isa = PBXBuildFile; fileRef = 09A7365D200747ED00BA06C4 /* audiodecodercoreaudio.cpp */; };
		09A736A72007482100BA06C4 /* libsndfile.a in Frameworks */ = {isa = PBXBuildFile; fileRef = 09A73666200747ED00BA06C4 /* libsndfile.a */; };
		09A736B1200749AB00BA06C4 /* openFrameworks.a in Frameworks */ = {isa = PBXBuildFile; fileRef = 09A736B0200749AB00BA06C4 /* openFrameworks.a */; };
		09A736B220074AF700BA06C4 /* ofxSoundFile.cpp in Sources */ = {isa = PBXBuildFile; fileRef = 09A7367E200747ED00BA06C4 /* ofxSoundFile.cpp */; };
		09A736B320074AF700BA06C4 /* ofxSoundObject.cpp in Sources */ = {isa = PBXBuildFile; fileRef = 09A73684200747ED00BA06C4 /* ofxSoundObject.cpp */; };
		09A736B420074AF700BA06C4 /* ofxSoundObjectsUtils.cpp in Sources */ = {isa = PBXBuildFile; fileRef = 09A73687200747ED00BA06C4 /* ofxSoundObjectsUtils.cpp */; };
		09A86233200730BE00DFB3D0 /* main.cpp in Sources */ = {isa = PBXBuildFile; fileRef = 09A8622B200730BE00DFB3D0 /* main.cpp */; };
		09A86235200730BE00DFB3D0 /* Song.cpp in Sources */ = {isa = PBXBuildFile; fileRef = 09A8622F200730BE00DFB3D0 /* Song.cpp */; };
		09A86236200730BE00DFB3D0 /* soundSort.cpp in Sources */ = {isa = PBXBuildFile; fileRef = 09A86231200730BE00DFB3D0 /* soundSort.cpp */; };
/* End PBXBuildFile section */

/* Begin PBXContainerItemProxy section */
		09A736AE200748DD00BA06C4 /* PBXContainerItemProxy */ = {
			isa = PBXContainerItemProxy;
			containerPortal = 09A736A9200748DD00BA06C4 /* openFrameworksLib.xcodeproj */;
			proxyType = 2;
			remoteGlobalIDString = 09A736AC200748DD00BA06C4;
			remoteInfo = openFrameworks;
		};
/* End PBXContainerItemProxy section */

/* Begin PBXCopyFilesBuildPhase section */
		E4C2427710CC5ABF004149E2 /* CopyFiles */ = {
			isa = PBXCopyFilesBuildPhase;
			buildActionMask = 2147483647;
			dstPath = "";
			dstSubfolderSpec = 10;
			files = (
			);
			runOnlyForDeploymentPostprocessing = 0;
		};
/* End PBXCopyFilesBuildPhase section */

/* Begin PBXFileReference section */
		09A735942007479B00BA06C4 /* soundSort.app */ = {isa = PBXFileReference; explicitFileType = wrapper.application; includeInIndex = 0; name = soundSort.app; path = /Users/thersan/Documents/IsThis/TODO_RockAndRollSort/soundSort/bin/soundSort.app; sourceTree = "<absolute>"; };
		09A73655200747ED00BA06C4 /* CADebugMacros.h */ = {isa = PBXFileReference; lastKnownFileType = sourcecode.c.h; path = CADebugMacros.h; sourceTree = "<group>"; };
		09A73656200747ED00BA06C4 /* CAStreamBasicDescription.h */ = {isa = PBXFileReference; lastKnownFileType = sourcecode.c.h; path = CAStreamBasicDescription.h; sourceTree = "<group>"; };
		09A73657200747ED00BA06C4 /* audiodecoder.h */ = {isa = PBXFileReference; lastKnownFileType = sourcecode.c.h; path = audiodecoder.h; sourceTree = "<group>"; };
		09A73658200747ED00BA06C4 /* audiodecoderbase.h */ = {isa = PBXFileReference; lastKnownFileType = sourcecode.c.h; path = audiodecoderbase.h; sourceTree = "<group>"; };
		09A73659200747ED00BA06C4 /* audiodecodercoreaudio.h */ = {isa = PBXFileReference; lastKnownFileType = sourcecode.c.h; path = audiodecodercoreaudio.h; sourceTree = "<group>"; };
		09A7365A200747ED00BA06C4 /* audiodecodermediafoundation.h */ = {isa = PBXFileReference; lastKnownFileType = sourcecode.c.h; path = audiodecodermediafoundation.h; sourceTree = "<group>"; };
		09A7365C200747ED00BA06C4 /* audiodecoderbase.cpp */ = {isa = PBXFileReference; lastKnownFileType = sourcecode.cpp.cpp; path = audiodecoderbase.cpp; sourceTree = "<group>"; };
		09A7365D200747ED00BA06C4 /* audiodecodercoreaudio.cpp */ = {isa = PBXFileReference; lastKnownFileType = sourcecode.cpp.cpp; path = audiodecodercoreaudio.cpp; sourceTree = "<group>"; };
		09A7365E200747ED00BA06C4 /* audiodecodermediafoundation.cpp */ = {isa = PBXFileReference; lastKnownFileType = sourcecode.cpp.cpp; path = audiodecodermediafoundation.cpp; sourceTree = "<group>"; };
		09A73662200747ED00BA06C4 /* sndfile.h */ = {isa = PBXFileReference; lastKnownFileType = sourcecode.c.h; path = sndfile.h; sourceTree = "<group>"; };
		09A73663200747ED00BA06C4 /* sndfile.hh */ = {isa = PBXFileReference; lastKnownFileType = sourcecode.cpp.h; path = sndfile.hh; sourceTree = "<group>"; };
		09A73666200747ED00BA06C4 /* libsndfile.a */ = {isa = PBXFileReference; lastKnownFileType = archive.ar; path = libsndfile.a; sourceTree = "<group>"; };
		09A7367E200747ED00BA06C4 /* ofxSoundFile.cpp */ = {isa = PBXFileReference; lastKnownFileType = sourcecode.cpp.cpp; path = ofxSoundFile.cpp; sourceTree = "<group>"; };
		09A7367F200747ED00BA06C4 /* ofxSoundFile.h */ = {isa = PBXFileReference; lastKnownFileType = sourcecode.c.h; path = ofxSoundFile.h; sourceTree = "<group>"; };
		09A73680200747ED00BA06C4 /* ofxSoundMixer.cpp */ = {isa = PBXFileReference; lastKnownFileType = sourcecode.cpp.cpp; path = ofxSoundMixer.cpp; sourceTree = "<group>"; };
		09A73681200747ED00BA06C4 /* ofxSoundMixer.h */ = {isa = PBXFileReference; lastKnownFileType = sourcecode.c.h; path = ofxSoundMixer.h; sourceTree = "<group>"; };
		09A73682200747ED00BA06C4 /* ofxSoundMultiplexer.cpp */ = {isa = PBXFileReference; lastKnownFileType = sourcecode.cpp.cpp; path = ofxSoundMultiplexer.cpp; sourceTree = "<group>"; };
		09A73683200747ED00BA06C4 /* ofxSoundMultiplexer.h */ = {isa = PBXFileReference; lastKnownFileType = sourcecode.c.h; path = ofxSoundMultiplexer.h; sourceTree = "<group>"; };
		09A73684200747ED00BA06C4 /* ofxSoundObject.cpp */ = {isa = PBXFileReference; lastKnownFileType = sourcecode.cpp.cpp; path = ofxSoundObject.cpp; sourceTree = "<group>"; };
		09A73685200747ED00BA06C4 /* ofxSoundObject.h */ = {isa = PBXFileReference; lastKnownFileType = sourcecode.c.h; path = ofxSoundObject.h; sourceTree = "<group>"; };
		09A73686200747ED00BA06C4 /* ofxSoundObjects.h */ = {isa = PBXFileReference; lastKnownFileType = sourcecode.c.h; path = ofxSoundObjects.h; sourceTree = "<group>"; };
		09A73687200747ED00BA06C4 /* ofxSoundObjectsUtils.cpp */ = {isa = PBXFileReference; lastKnownFileType = sourcecode.cpp.cpp; path = ofxSoundObjectsUtils.cpp; sourceTree = "<group>"; };
		09A73688200747ED00BA06C4 /* ofxSoundObjectsUtils.h */ = {isa = PBXFileReference; lastKnownFileType = sourcecode.c.h; path = ofxSoundObjectsUtils.h; sourceTree = "<group>"; };
		09A73689200747ED00BA06C4 /* ofxSoundPlayerObject.cpp */ = {isa = PBXFileReference; lastKnownFileType = sourcecode.cpp.cpp; path = ofxSoundPlayerObject.cpp; sourceTree = "<group>"; };
		09A7368A200747ED00BA06C4 /* ofxSoundPlayerObject.h */ = {isa = PBXFileReference; lastKnownFileType = sourcecode.c.h; path = ofxSoundPlayerObject.h; sourceTree = "<group>"; };
		09A7368C200747ED00BA06C4 /* DigitalDelay.h */ = {isa = PBXFileReference; lastKnownFileType = sourcecode.c.h; path = DigitalDelay.h; sourceTree = "<group>"; };
		09A7368D200747ED00BA06C4 /* LowPassFilter.h */ = {isa = PBXFileReference; lastKnownFileType = sourcecode.c.h; path = LowPassFilter.h; sourceTree = "<group>"; };
		09A7368E200747ED00BA06C4 /* NoiseGenerator.h */ = {isa = PBXFileReference; lastKnownFileType = sourcecode.c.h; path = NoiseGenerator.h; sourceTree = "<group>"; };
		09A7368F200747ED00BA06C4 /* SineWaveGenerator.h */ = {isa = PBXFileReference; lastKnownFileType = sourcecode.c.h; path = SineWaveGenerator.h; sourceTree = "<group>"; };
		09A73690200747ED00BA06C4 /* waveformDraw.h */ = {isa = PBXFileReference; lastKnownFileType = sourcecode.c.h; path = waveformDraw.h; sourceTree = "<group>"; };
		09A736A8200748DD00BA06C4 /* CoreOF.xcconfig */ = {isa = PBXFileReference; lastKnownFileType = text.xcconfig; name = CoreOF.xcconfig; path = ../../../../Dev/of_v0.9.8_osx_release/libs/openFrameworksCompiled/project/osx/CoreOF.xcconfig; sourceTree = "<group>"; };
		09A736A9200748DD00BA06C4 /* openFrameworksLib.xcodeproj */ = {isa = PBXFileReference; lastKnownFileType = "wrapper.pb-project"; name = openFrameworksLib.xcodeproj; path = ../../../../Dev/of_v0.9.8_osx_release/libs/openFrameworksCompiled/project/osx/openFrameworksLib.xcodeproj; sourceTree = "<group>"; };
		09A736B0200749AB00BA06C4 /* openFrameworks.a */ = {isa = PBXFileReference; lastKnownFileType = archive.ar; name = openFrameworks.a; path = ../../../../Dev/of_v0.9.8_osx_release/libs/openFrameworksCompiled/lib/osx/openFrameworks.a; sourceTree = "<group>"; };
		09A8622B200730BE00DFB3D0 /* main.cpp */ = {isa = PBXFileReference; fileEncoding = 4; lastKnownFileType = sourcecode.cpp.cpp; path = main.cpp; sourceTree = "<group>"; };
		09A8622E200730BE00DFB3D0 /* Sample.h */ = {isa = PBXFileReference; fileEncoding = 4; lastKnownFileType = sourcecode.c.h; path = Sample.h; sourceTree = "<group>"; };
		09A8622F200730BE00DFB3D0 /* Song.cpp */ = {isa = PBXFileReference; fileEncoding = 4; lastKnownFileType = sourcecode.cpp.cpp; path = Song.cpp; sourceTree = "<group>"; };
		09A86230200730BE00DFB3D0 /* Song.h */ = {isa = PBXFileReference; fileEncoding = 4; lastKnownFileType = sourcecode.c.h; path = Song.h; sourceTree = "<group>"; };
		09A86231200730BE00DFB3D0 /* soundSort.cpp */ = {isa = PBXFileReference; fileEncoding = 4; lastKnownFileType = sourcecode.cpp.cpp; path = soundSort.cpp; sourceTree = "<group>"; };
		09A86232200730BE00DFB3D0 /* soundSort.h */ = {isa = PBXFileReference; fileEncoding = 4; lastKnownFileType = sourcecode.c.h; path = soundSort.h; sourceTree = "<group>"; };
		E4B6FCAD0C3E899E008CF71C /* openFrameworks-Info.plist */ = {isa = PBXFileReference; fileEncoding = 30; lastKnownFileType = text.plist.xml; path = "openFrameworks-Info.plist"; sourceTree = "<group>"; };
		E4EB6923138AFD0F00A09F29 /* Project.xcconfig */ = {isa = PBXFileReference; fileEncoding = 4; lastKnownFileType = text.xcconfig; path = Project.xcconfig; sourceTree = "<group>"; };
/* End PBXFileReference section */

/* Begin PBXFrameworksBuildPhase section */
		E4B69B590A3A1756003C02F2 /* Frameworks */ = {
			isa = PBXFrameworksBuildPhase;
			buildActionMask = 2147483647;
			files = (
				09A736B1200749AB00BA06C4 /* openFrameworks.a in Frameworks */,
				09A736A72007482100BA06C4 /* libsndfile.a in Frameworks */,
			);
			runOnlyForDeploymentPostprocessing = 0;
		};
/* End PBXFrameworksBuildPhase section */

/* Begin PBXGroup section */
		09A735BF200747EC00BA06C4 /* ofxSoundObjects */ = {
			isa = PBXGroup;
			children = (
				09A73651200747ED00BA06C4 /* libs */,
				09A7367D200747ED00BA06C4 /* src */,
			);
			name = ofxSoundObjects;
			path = ../../../../Dev/of_v0.9.8_osx_release/addons/ofxSoundObjects;
			sourceTree = "<group>";
		};
		09A73651200747ED00BA06C4 /* libs */ = {
			isa = PBXGroup;
			children = (
				09A73652200747ED00BA06C4 /* libaudiodecoder */,
				09A7365F200747ED00BA06C4 /* libsndfile */,
			);
			path = libs;
			sourceTree = "<group>";
		};
		09A73652200747ED00BA06C4 /* libaudiodecoder */ = {
			isa = PBXGroup;
			children = (
				09A73653200747ED00BA06C4 /* include */,
				09A7365B200747ED00BA06C4 /* src */,
			);
			path = libaudiodecoder;
			sourceTree = "<group>";
		};
		09A73653200747ED00BA06C4 /* include */ = {
			isa = PBXGroup;
			children = (
				09A73654200747ED00BA06C4 /* apple */,
				09A73657200747ED00BA06C4 /* audiodecoder.h */,
				09A73658200747ED00BA06C4 /* audiodecoderbase.h */,
				09A73659200747ED00BA06C4 /* audiodecodercoreaudio.h */,
				09A7365A200747ED00BA06C4 /* audiodecodermediafoundation.h */,
			);
			path = include;
			sourceTree = "<group>";
		};
		09A73654200747ED00BA06C4 /* apple */ = {
			isa = PBXGroup;
			children = (
				09A73655200747ED00BA06C4 /* CADebugMacros.h */,
				09A73656200747ED00BA06C4 /* CAStreamBasicDescription.h */,
			);
			path = apple;
			sourceTree = "<group>";
		};
		09A7365B200747ED00BA06C4 /* src */ = {
			isa = PBXGroup;
			children = (
				09A7365C200747ED00BA06C4 /* audiodecoderbase.cpp */,
				09A7365D200747ED00BA06C4 /* audiodecodercoreaudio.cpp */,
				09A7365E200747ED00BA06C4 /* audiodecodermediafoundation.cpp */,
			);
			path = src;
			sourceTree = "<group>";
		};
		09A7365F200747ED00BA06C4 /* libsndfile */ = {
			isa = PBXGroup;
			children = (
				09A73660200747ED00BA06C4 /* include */,
				09A73664200747ED00BA06C4 /* lib */,
			);
			path = libsndfile;
			sourceTree = "<group>";
		};
		09A73660200747ED00BA06C4 /* include */ = {
			isa = PBXGroup;
			children = (
				09A73661200747ED00BA06C4 /* include */,
			);
			path = include;
			sourceTree = "<group>";
		};
		09A73661200747ED00BA06C4 /* include */ = {
			isa = PBXGroup;
			children = (
				09A73662200747ED00BA06C4 /* sndfile.h */,
				09A73663200747ED00BA06C4 /* sndfile.hh */,
			);
			path = include;
			sourceTree = "<group>";
		};
		09A73664200747ED00BA06C4 /* lib */ = {
			isa = PBXGroup;
			children = (
				09A73665200747ED00BA06C4 /* osx */,
			);
			path = lib;
			sourceTree = "<group>";
		};
		09A73665200747ED00BA06C4 /* osx */ = {
			isa = PBXGroup;
			children = (
				09A73666200747ED00BA06C4 /* libsndfile.a */,
			);
			path = osx;
			sourceTree = "<group>";
		};
		09A7367D200747ED00BA06C4 /* src */ = {
			isa = PBXGroup;
			children = (
				09A7367E200747ED00BA06C4 /* ofxSoundFile.cpp */,
				09A7367F200747ED00BA06C4 /* ofxSoundFile.h */,
				09A73680200747ED00BA06C4 /* ofxSoundMixer.cpp */,
				09A73681200747ED00BA06C4 /* ofxSoundMixer.h */,
				09A73682200747ED00BA06C4 /* ofxSoundMultiplexer.cpp */,
				09A73683200747ED00BA06C4 /* ofxSoundMultiplexer.h */,
				09A73684200747ED00BA06C4 /* ofxSoundObject.cpp */,
				09A73685200747ED00BA06C4 /* ofxSoundObject.h */,
				09A73686200747ED00BA06C4 /* ofxSoundObjects.h */,
				09A73687200747ED00BA06C4 /* ofxSoundObjectsUtils.cpp */,
				09A73688200747ED00BA06C4 /* ofxSoundObjectsUtils.h */,
				09A73689200747ED00BA06C4 /* ofxSoundPlayerObject.cpp */,
				09A7368A200747ED00BA06C4 /* ofxSoundPlayerObject.h */,
				09A7368B200747ED00BA06C4 /* SoundObjects */,
			);
			path = src;
			sourceTree = "<group>";
		};
		09A7368B200747ED00BA06C4 /* SoundObjects */ = {
			isa = PBXGroup;
			children = (
				09A7368C200747ED00BA06C4 /* DigitalDelay.h */,
				09A7368D200747ED00BA06C4 /* LowPassFilter.h */,
				09A7368E200747ED00BA06C4 /* NoiseGenerator.h */,
				09A7368F200747ED00BA06C4 /* SineWaveGenerator.h */,
				09A73690200747ED00BA06C4 /* waveformDraw.h */,
			);
			path = SoundObjects;
			sourceTree = "<group>";
		};
		09A736AA200748DD00BA06C4 /* Products */ = {
			isa = PBXGroup;
			children = (
				09A736AF200748DD00BA06C4 /* openFrameworksDebug.a */,
			);
			name = Products;
			sourceTree = "<group>";
		};
		6948EE371B920CB800B5AC1A /* local_addons */ = {
			isa = PBXGroup;
			children = (
			);
			name = local_addons;
			sourceTree = "<group>";
		};
		BB4B014C10F69532006C3DED /* addons */ = {
			isa = PBXGroup;
			children = (
				09A735BF200747EC00BA06C4 /* ofxSoundObjects */,
			);
			name = addons;
			sourceTree = "<group>";
		};
		E4B69B4A0A3A1720003C02F2 = {
			isa = PBXGroup;
			children = (
				E4B6FCAD0C3E899E008CF71C /* openFrameworks-Info.plist */,
				E4EB6923138AFD0F00A09F29 /* Project.xcconfig */,
				E4B69E1C0A3A1BDC003C02F2 /* src */,
				E4EEC9E9138DF44700A80321 /* openFrameworks */,
				BB4B014C10F69532006C3DED /* addons */,
				6948EE371B920CB800B5AC1A /* local_addons */,
			);
			sourceTree = "<group>";
		};
		E4B69E1C0A3A1BDC003C02F2 /* src */ = {
			isa = PBXGroup;
			children = (
				09A8622B200730BE00DFB3D0 /* main.cpp */,
				09A8622E200730BE00DFB3D0 /* Sample.h */,
				09A8622F200730BE00DFB3D0 /* Song.cpp */,
				09A86230200730BE00DFB3D0 /* Song.h */,
				09A86231200730BE00DFB3D0 /* soundSort.cpp */,
				09A86232200730BE00DFB3D0 /* soundSort.h */,
			);
			path = src;
			sourceTree = SOURCE_ROOT;
		};
		E4EEC9E9138DF44700A80321 /* openFrameworks */ = {
			isa = PBXGroup;
			children = (
				09A736B0200749AB00BA06C4 /* openFrameworks.a */,
				09A736A8200748DD00BA06C4 /* CoreOF.xcconfig */,
				09A736A9200748DD00BA06C4 /* openFrameworksLib.xcodeproj */,
			);
			name = openFrameworks;
			sourceTree = "<group>";
		};
/* End PBXGroup section */

/* Begin PBXNativeTarget section */
		E4B69B5A0A3A1756003C02F2 /* soundSort */ = {
			isa = PBXNativeTarget;
			buildConfigurationList = E4B69B5F0A3A1757003C02F2 /* Build configuration list for PBXNativeTarget "soundSort" */;
			buildPhases = (
				E4B69B580A3A1756003C02F2 /* Sources */,
				E4B69B590A3A1756003C02F2 /* Frameworks */,
				E4B6FFFD0C3F9AB9008CF71C /* Run Script */,
				E4C2427710CC5ABF004149E2 /* CopyFiles */,
			);
			buildRules = (
			);
			dependencies = (
			);
			name = soundSort;
			productName = myOFApp;
			productReference = 09A735942007479B00BA06C4 /* soundSort.app */;
			productType = "com.apple.product-type.application";
		};
/* End PBXNativeTarget section */

/* Begin PBXProject section */
		E4B69B4C0A3A1720003C02F2 /* Project object */ = {
			isa = PBXProject;
			attributes = {
				LastUpgradeCheck = 0600;
			};
			buildConfigurationList = E4B69B4D0A3A1720003C02F2 /* Build configuration list for PBXProject "soundSort" */;
			compatibilityVersion = "Xcode 3.2";
			developmentRegion = English;
			hasScannedForEncodings = 0;
			knownRegions = (
				English,
				Japanese,
				French,
				German,
			);
			mainGroup = E4B69B4A0A3A1720003C02F2;
			productRefGroup = E4B69B4A0A3A1720003C02F2;
			projectDirPath = "";
			projectReferences = (
				{
					ProductGroup = 09A736AA200748DD00BA06C4 /* Products */;
					ProjectRef = 09A736A9200748DD00BA06C4 /* openFrameworksLib.xcodeproj */;
				},
			);
			projectRoot = "";
			targets = (
				E4B69B5A0A3A1756003C02F2 /* soundSort */,
			);
		};
/* End PBXProject section */

/* Begin PBXReferenceProxy section */
		09A736AF200748DD00BA06C4 /* openFrameworksDebug.a */ = {
			isa = PBXReferenceProxy;
			fileType = archive.ar;
			path = openFrameworksDebug.a;
			remoteRef = 09A736AE200748DD00BA06C4 /* PBXContainerItemProxy */;
			sourceTree = BUILT_PRODUCTS_DIR;
		};
/* End PBXReferenceProxy section */

/* Begin PBXShellScriptBuildPhase section */
		E4B6FFFD0C3F9AB9008CF71C /* Run Script */ = {
			isa = PBXShellScriptBuildPhase;
			buildActionMask = 2147483647;
			files = (
			);
			inputPaths = (
			);
			name = "Run Script";
			outputPaths = (
			);
			runOnlyForDeploymentPostprocessing = 0;
			shellPath = /bin/sh;
			shellScript = "mkdir -p \"$TARGET_BUILD_DIR/$PRODUCT_NAME.app/Contents/Resources/\"\n# Copy default icon file into App/Resources\nrsync -aved \"$ICON_FILE\" \"$TARGET_BUILD_DIR/$PRODUCT_NAME.app/Contents/Resources/\"\n# Copy libfmod and change install directory for fmod to run\nrsync -aved \"$OF_PATH/libs/fmodex/lib/osx/libfmodex.dylib\" \"$TARGET_BUILD_DIR/$PRODUCT_NAME.app/Contents/Frameworks/\";\ninstall_name_tool -change @executable_path/libfmodex.dylib @executable_path/../Frameworks/libfmodex.dylib \"$TARGET_BUILD_DIR/$PRODUCT_NAME.app/Contents/MacOS/$PRODUCT_NAME\";\n# Copy GLUT framework (must remove for AppStore submissions)\nrsync -aved \"$OF_PATH/libs/glut/lib/osx/GLUT.framework\" \"$TARGET_BUILD_DIR/$PRODUCT_NAME.app/Contents/Frameworks/\"\n";
		};
/* End PBXShellScriptBuildPhase section */

/* Begin PBXSourcesBuildPhase section */
		E4B69B580A3A1756003C02F2 /* Sources */ = {
			isa = PBXSourcesBuildPhase;
			buildActionMask = 2147483647;
			files = (
				09A736B220074AF700BA06C4 /* ofxSoundFile.cpp in Sources */,
				09A736B320074AF700BA06C4 /* ofxSoundObject.cpp in Sources */,
				09A736B420074AF700BA06C4 /* ofxSoundObjectsUtils.cpp in Sources */,
				09A736A52007481A00BA06C4 /* audiodecoderbase.cpp in Sources */,
				09A736A62007481A00BA06C4 /* audiodecodercoreaudio.cpp in Sources */,
				09A86235200730BE00DFB3D0 /* Song.cpp in Sources */,
				09A86233200730BE00DFB3D0 /* main.cpp in Sources */,
				09A86236200730BE00DFB3D0 /* soundSort.cpp in Sources */,
			);
			runOnlyForDeploymentPostprocessing = 0;
		};
/* End PBXSourcesBuildPhase section */

/* Begin XCBuildConfiguration section */
		E4B69B4E0A3A1720003C02F2 /* Debug */ = {
			isa = XCBuildConfiguration;
			baseConfigurationReference = E4EB6923138AFD0F00A09F29 /* Project.xcconfig */;
			buildSettings = {
				CONFIGURATION_BUILD_DIR = "$(SRCROOT)/bin/";
				COPY_PHASE_STRIP = NO;
				DEAD_CODE_STRIPPING = YES;
				GCC_AUTO_VECTORIZATION = YES;
				GCC_ENABLE_SSE3_EXTENSIONS = YES;
				GCC_ENABLE_SUPPLEMENTAL_SSE3_INSTRUCTIONS = YES;
				GCC_INLINES_ARE_PRIVATE_EXTERN = NO;
				GCC_OPTIMIZATION_LEVEL = 0;
				GCC_SYMBOLS_PRIVATE_EXTERN = NO;
				GCC_WARN_ABOUT_DEPRECATED_FUNCTIONS = YES;
				GCC_WARN_ABOUT_INVALID_OFFSETOF_MACRO = NO;
				GCC_WARN_ALLOW_INCOMPLETE_PROTOCOL = NO;
				GCC_WARN_UNINITIALIZED_AUTOS = NO;
				GCC_WARN_UNUSED_VALUE = NO;
				GCC_WARN_UNUSED_VARIABLE = NO;
				HEADER_SEARCH_PATHS = (
					"$(OF_CORE_HEADERS)",
					src,
				);
				MACOSX_DEPLOYMENT_TARGET = 10.8;
				ONLY_ACTIVE_ARCH = YES;
				OTHER_CPLUSPLUSFLAGS = (
					"-D__MACOSX_CORE__",
					"-mtune=native",
				);
				SDKROOT = macosx;
			};
			name = Debug;
		};
		E4B69B4F0A3A1720003C02F2 /* Release */ = {
			isa = XCBuildConfiguration;
			baseConfigurationReference = E4EB6923138AFD0F00A09F29 /* Project.xcconfig */;
			buildSettings = {
				CONFIGURATION_BUILD_DIR = "$(SRCROOT)/bin/";
				COPY_PHASE_STRIP = YES;
				DEAD_CODE_STRIPPING = YES;
				GCC_AUTO_VECTORIZATION = YES;
				GCC_ENABLE_SSE3_EXTENSIONS = YES;
				GCC_ENABLE_SUPPLEMENTAL_SSE3_INSTRUCTIONS = YES;
				GCC_INLINES_ARE_PRIVATE_EXTERN = NO;
				GCC_OPTIMIZATION_LEVEL = 3;
				GCC_SYMBOLS_PRIVATE_EXTERN = NO;
				GCC_UNROLL_LOOPS = YES;
				GCC_WARN_ABOUT_DEPRECATED_FUNCTIONS = YES;
				GCC_WARN_ABOUT_INVALID_OFFSETOF_MACRO = NO;
				GCC_WARN_ALLOW_INCOMPLETE_PROTOCOL = NO;
				GCC_WARN_UNINITIALIZED_AUTOS = NO;
				GCC_WARN_UNUSED_VALUE = NO;
				GCC_WARN_UNUSED_VARIABLE = NO;
				HEADER_SEARCH_PATHS = (
					"$(OF_CORE_HEADERS)",
					src,
				);
				MACOSX_DEPLOYMENT_TARGET = 10.8;
				OTHER_CPLUSPLUSFLAGS = (
					"-D__MACOSX_CORE__",
					"-mtune=native",
				);
				SDKROOT = macosx;
			};
			name = Release;
		};
		E4B69B600A3A1757003C02F2 /* Debug */ = {
			isa = XCBuildConfiguration;
			baseConfigurationReference = E4EB6923138AFD0F00A09F29 /* Project.xcconfig */;
			buildSettings = {
				COMBINE_HIDPI_IMAGES = YES;
				COPY_PHASE_STRIP = NO;
				FRAMEWORK_SEARCH_PATHS = (
					"$(inherited)",
					"$(FRAMEWORK_SEARCH_PATHS_QUOTED_FOR_TARGET_1)",
				);
				FRAMEWORK_SEARCH_PATHS_QUOTED_FOR_TARGET_1 = "\"$(OF_PATH)/libs/glut/lib/osx\"";
				GCC_DYNAMIC_NO_PIC = NO;
				GCC_GENERATE_DEBUGGING_SYMBOLS = YES;
				GCC_MODEL_TUNING = NONE;
				HEADER_SEARCH_PATHS = (
					"$(OF_CORE_HEADERS)",
					src,
					"$(OF_PATH)/addons/ofxSoundObjects/libs/libaudiodecoder/include",
					"$(OF_PATH)/addons/ofxSoundObjects/libs/libsndfile/include",
				);
				ICON = "$(ICON_NAME_DEBUG)";
				ICON_FILE = "$(ICON_FILE_PATH)$(ICON)";
				INFOPLIST_FILE = "openFrameworks-Info.plist";
				INSTALL_PATH = /Applications;
				LIBRARY_SEARCH_PATHS = (
					"$(inherited)",
					"$(OF_PATH)/addons/ofxSoundObjects/libs/libaudiodecoder",
					"$(OF_PATH)/addons/ofxSoundObjects/libs",
					"$(OF_PATH)/addons/ofxSoundObjects/libs/libsndfile/lib/osx",
				);
				MACOSX_DEPLOYMENT_TARGET = 10.8;
				PRODUCT_NAME = soundSort;
				WRAPPER_EXTENSION = app;
			};
			name = Debug;
		};
		E4B69B610A3A1757003C02F2 /* Release */ = {
			isa = XCBuildConfiguration;
			baseConfigurationReference = E4EB6923138AFD0F00A09F29 /* Project.xcconfig */;
			buildSettings = {
				COMBINE_HIDPI_IMAGES = YES;
				COPY_PHASE_STRIP = YES;
				FRAMEWORK_SEARCH_PATHS = (
					"$(inherited)",
					"$(FRAMEWORK_SEARCH_PATHS_QUOTED_FOR_TARGET_1)",
				);
				FRAMEWORK_SEARCH_PATHS_QUOTED_FOR_TARGET_1 = "\"$(OF_PATH)/libs/glut/lib/osx\"";
				GCC_GENERATE_DEBUGGING_SYMBOLS = YES;
				GCC_MODEL_TUNING = NONE;
				HEADER_SEARCH_PATHS = (
					"$(OF_CORE_HEADERS)",
					src,
					"$(OF_PATH)/addons/ofxSoundObjects/libs/libaudiodecoder/include",
					"$(OF_PATH)/addons/ofxSoundObjects/libs/libsndfile/include",
				);
				ICON = "$(ICON_NAME_RELEASE)";
				ICON_FILE = "$(ICON_FILE_PATH)$(ICON)";
				INFOPLIST_FILE = "openFrameworks-Info.plist";
				INSTALL_PATH = /Applications;
				LIBRARY_SEARCH_PATHS = (
					"$(inherited)",
					"$(OF_PATH)/addons/ofxSoundObjects/libs/libaudiodecoder",
					"$(OF_PATH)/addons/ofxSoundObjects/libs",
					"$(OF_PATH)/addons/ofxSoundObjects/libs/libsndfile/lib/osx",
				);
				MACOSX_DEPLOYMENT_TARGET = 10.8;
				PRODUCT_NAME = soundSort;
				WRAPPER_EXTENSION = app;
			};
			name = Release;
		};
/* End XCBuildConfiguration section */

/* Begin XCConfigurationList section */
		E4B69B4D0A3A1720003C02F2 /* Build configuration list for PBXProject "soundSort" */ = {
			isa = XCConfigurationList;
			buildConfigurations = (
				E4B69B4E0A3A1720003C02F2 /* Debug */,
				E4B69B4F0A3A1720003C02F2 /* Release */,
			);
			defaultConfigurationIsVisible = 0;
			defaultConfigurationName = Release;
		};
		E4B69B5F0A3A1757003C02F2 /* Build configuration list for PBXNativeTarget "soundSort" */ = {
			isa = XCConfigurationList;
			buildConfigurations = (
				E4B69B600A3A1757003C02F2 /* Debug */,
				E4B69B610A3A1757003C02F2 /* Release */,
			);
			defaultConfigurationIsVisible = 0;
			defaultConfigurationName = Release;
		};
/* End XCConfigurationList section */
	};
	rootObject = E4B69B4C0A3A1720003C02F2 /* Project object */;
}
